
Microsoft Visual Studio Solution File, Format Version 12.00
# Visual Studio Version 16
VisualStudioVersion = 16.0.31424.327
MinimumVisualStudioVersion = 10.0.40219.1
Project("{2150E333-8FDC-42A3-9474-1A3956D46DE8}") = "src", "src", "{9450D546-0280-4078-8608-BCBB4CDD6754}"
EndProject
Project("{9A19103F-16F7-4668-BE54-9A1E7A4F7556}") = "Examination.API", "src\Services\Examination\Examination.API\Examination.API.csproj", "{87AADC39-C511-4F21-B8C5-8C2D5A81CD9F}"
EndProject
Project("{9A19103F-16F7-4668-BE54-9A1E7A4F7556}") = "Examination.Application", "src\Services\Examination\Examination.Application\Examination.Application.csproj", "{8AD04923-A658-4776-A70E-53FB2A6ABBEC}"
EndProject
Project("{9A19103F-16F7-4668-BE54-9A1E7A4F7556}") = "Examination.Domain", "src\Services\Examination\Examination.Domain\Examination.Domain.csproj", "{2B7A21FD-B1B1-4737-B02C-B3735DB7DD8E}"
EndProject
Project("{9A19103F-16F7-4668-BE54-9A1E7A4F7556}") = "Examination.Infrastructure", "src\Services\Examination\Examination.Infrastructure\Examination.Infrastructure.csproj", "{BD83BE5F-9E9F-41BD-8A1C-F9742BCEF3B1}"
EndProject
Project("{9A19103F-16F7-4668-BE54-9A1E7A4F7556}") = "Identity.API.IntegrationTests", "tests\Identity.API\Identity.API.IntegrationTests\Identity.API.IntegrationTests.csproj", "{F4FFF7CC-0C5D-40C6-9C65-C86658CA9756}"
EndProject
Project("{9A19103F-16F7-4668-BE54-9A1E7A4F7556}") = "Examination.Application.UnitTests", "tests\Examination\Examination.Application.UnitTests\Examination.Application.UnitTests.csproj", "{B31348A2-6B29-4915-8EAC-3788C4AA638C}"
EndProject
Project("{9A19103F-16F7-4668-BE54-9A1E7A4F7556}") = "Examination.Domain.UnitTests", "tests\Examination\Examination.Domain.UnitTests\Examination.Domain.UnitTests.csproj", "{2DBC6D6F-2E96-4335-B648-8E93F6BE80EB}"
EndProject
Project("{9A19103F-16F7-4668-BE54-9A1E7A4F7556}") = "Examination.Infrastructure.IntegrationTests", "tests\Examination\Examination.Infrastructure.IntegrationTests\Examination.Infrastructure.IntegrationTests.csproj", "{F6B19DCE-DEF5-49D4-A561-1D64FF1D2A83}"
EndProject
Project("{2150E333-8FDC-42A3-9474-1A3956D46DE8}") = "Examination", "Examination", "{7DEAA952-452C-4BFE-B74C-FE359A81D63F}"
EndProject
Project("{2150E333-8FDC-42A3-9474-1A3956D46DE8}") = "tests", "tests", "{D05EE115-A5DC-4D64-92A6-B7EDCB53C58E}"
EndProject
Project("{2150E333-8FDC-42A3-9474-1A3956D46DE8}") = "Identity", "Identity", "{8C62AFF8-6844-4207-A595-4783080F678F}"
EndProject
Project("{2150E333-8FDC-42A3-9474-1A3956D46DE8}") = "Examination", "Examination", "{05904659-576D-4B66-BC8E-164A3496A025}"
EndProject
Project("{2150E333-8FDC-42A3-9474-1A3956D46DE8}") = "Identity", "Identity", "{5EE37235-1429-4685-A1C6-6367BFCD33B1}"
EndProject
Project("{2150E333-8FDC-42A3-9474-1A3956D46DE8}") = "BuildingBlocks", "BuildingBlocks", "{24CA528D-77D6-4AF1-8D5D-CAF6FC4C57E8}"
EndProject
Project("{9A19103F-16F7-4668-BE54-9A1E7A4F7556}") = "Examination.Dtos", "src\BuildingBlocks\Examination.Dtos\Examination.Dtos.csproj", "{CE35C470-5936-412D-AD09-D9A2A2E39ACF}"
EndProject
Project("{9A19103F-16F7-4668-BE54-9A1E7A4F7556}") = "Identity.Admin", "src\Services\Identity\Identity.Admin\Identity.Admin.csproj", "{3C076B13-4B29-43BF-A3DB-50FC681AB962}"
EndProject
Project("{9A19103F-16F7-4668-BE54-9A1E7A4F7556}") = "Identity.Admin.BusinessLogic", "src\Services\Identity\Identity.Admin.BusinessLogic\Identity.Admin.BusinessLogic.csproj", "{93EB86A7-0CE0-43DF-8038-8EE6F2DB8090}"
EndProject
Project("{9A19103F-16F7-4668-BE54-9A1E7A4F7556}") = "Identity.Admin.BusinessLogic.Identity", "src\Services\Identity\Identity.Admin.BusinessLogic.Identity\Identity.Admin.BusinessLogic.Identity.csproj", "{A1358A4F-FBF9-4D7C-B49B-10CE6D78BBE1}"
EndProject
Project("{9A19103F-16F7-4668-BE54-9A1E7A4F7556}") = "Identity.Admin.BusinessLogic.Shared", "src\Services\Identity\Identity.Admin.BusinessLogic.Shared\Identity.Admin.BusinessLogic.Shared.csproj", "{00025B46-92A2-40ED-93B8-1DE891B83B50}"
EndProject
Project("{9A19103F-16F7-4668-BE54-9A1E7A4F7556}") = "Identity.Admin.EntityFramework", "src\Services\Identity\Identity.Admin.EntityFramework\Identity.Admin.EntityFramework.csproj", "{B3BA0A85-B50B-4B6C-990F-7E668DBB3AFE}"
EndProject
Project("{9A19103F-16F7-4668-BE54-9A1E7A4F7556}") = "Identity.Admin.EntityFramework.Extensions", "src\Services\Identity\Identity.Admin.EntityFramework.Extensions\Identity.Admin.EntityFramework.Extensions.csproj", "{DB0CFDED-5171-49CC-8F23-6049FCB34D18}"
EndProject
Project("{9A19103F-16F7-4668-BE54-9A1E7A4F7556}") = "Identity.Admin.EntityFramework.Identity", "src\Services\Identity\Identity.Admin.EntityFramework.Identity\Identity.Admin.EntityFramework.Identity.csproj", "{9E09528C-6E2E-41BF-B065-9F0EFAC7858C}"
EndProject
Project("{9A19103F-16F7-4668-BE54-9A1E7A4F7556}") = "Identity.Admin.EntityFramework.Shared", "src\Services\Identity\Identity.Admin.EntityFramework.Shared\Identity.Admin.EntityFramework.Shared.csproj", "{B0331639-7146-46C4-B3CE-5264238E6F6B}"
EndProject
Project("{9A19103F-16F7-4668-BE54-9A1E7A4F7556}") = "Identity.Admin.EntityFramework.SqlServer", "src\Services\Identity\Identity.Admin.EntityFramework.SqlServer\Identity.Admin.EntityFramework.SqlServer.csproj", "{A77F2DE7-F544-409E-BD6F-1F643CF066E0}"
EndProject
Project("{9A19103F-16F7-4668-BE54-9A1E7A4F7556}") = "Identity.Shared", "src\Services\Identity\Identity.Shared\Identity.Shared.csproj", "{51072F6D-4A73-4952-A214-9231D1DF38C4}"
EndProject
Project("{9A19103F-16F7-4668-BE54-9A1E7A4F7556}") = "Identity.STS.Identity", "src\Services\Identity\Identity.STS.Identity\Identity.STS.Identity.csproj", "{DAE50A52-D4C3-41F4-9838-1D100EB3D1FB}"
EndProject
Project("{2150E333-8FDC-42A3-9474-1A3956D46DE8}") = "Services", "Services", "{0DB082AC-A164-45B3-9011-3A82A9CFA67D}"
EndProject
Project("{2150E333-8FDC-42A3-9474-1A3956D46DE8}") = "WebApps", "WebApps", "{4B8F0DA9-BC16-4F68-BB48-AF9D5A010A11}"
EndProject
Project("{FAE04EC0-301F-11D3-BF4B-00C04F79EFBC}") = "AdminApp", "src\WebApps\AdminApp\AdminApp.csproj", "{42692E5B-6920-4487-AB35-63CABC415B52}"
EndProject
Global
	GlobalSection(SolutionConfigurationPlatforms) = preSolution
		Debug|Any CPU = Debug|Any CPU
		Debug|x64 = Debug|x64
		Debug|x86 = Debug|x86
		Release|Any CPU = Release|Any CPU
		Release|x64 = Release|x64
		Release|x86 = Release|x86
	EndGlobalSection
	GlobalSection(ProjectConfigurationPlatforms) = postSolution
		{87AADC39-C511-4F21-B8C5-8C2D5A81CD9F}.Debug|Any CPU.ActiveCfg = Debug|Any CPU
		{87AADC39-C511-4F21-B8C5-8C2D5A81CD9F}.Debug|Any CPU.Build.0 = Debug|Any CPU
		{87AADC39-C511-4F21-B8C5-8C2D5A81CD9F}.Debug|x64.ActiveCfg = Debug|Any CPU
		{87AADC39-C511-4F21-B8C5-8C2D5A81CD9F}.Debug|x64.Build.0 = Debug|Any CPU
		{87AADC39-C511-4F21-B8C5-8C2D5A81CD9F}.Debug|x86.ActiveCfg = Debug|Any CPU
		{87AADC39-C511-4F21-B8C5-8C2D5A81CD9F}.Debug|x86.Build.0 = Debug|Any CPU
		{87AADC39-C511-4F21-B8C5-8C2D5A81CD9F}.Release|Any CPU.ActiveCfg = Release|Any CPU
		{87AADC39-C511-4F21-B8C5-8C2D5A81CD9F}.Release|Any CPU.Build.0 = Release|Any CPU
		{87AADC39-C511-4F21-B8C5-8C2D5A81CD9F}.Release|x64.ActiveCfg = Release|Any CPU
		{87AADC39-C511-4F21-B8C5-8C2D5A81CD9F}.Release|x64.Build.0 = Release|Any CPU
		{87AADC39-C511-4F21-B8C5-8C2D5A81CD9F}.Release|x86.ActiveCfg = Release|Any CPU
		{87AADC39-C511-4F21-B8C5-8C2D5A81CD9F}.Release|x86.Build.0 = Release|Any CPU
		{8AD04923-A658-4776-A70E-53FB2A6ABBEC}.Debug|Any CPU.ActiveCfg = Debug|Any CPU
		{8AD04923-A658-4776-A70E-53FB2A6ABBEC}.Debug|Any CPU.Build.0 = Debug|Any CPU
		{8AD04923-A658-4776-A70E-53FB2A6ABBEC}.Debug|x64.ActiveCfg = Debug|Any CPU
		{8AD04923-A658-4776-A70E-53FB2A6ABBEC}.Debug|x64.Build.0 = Debug|Any CPU
		{8AD04923-A658-4776-A70E-53FB2A6ABBEC}.Debug|x86.ActiveCfg = Debug|Any CPU
		{8AD04923-A658-4776-A70E-53FB2A6ABBEC}.Debug|x86.Build.0 = Debug|Any CPU
		{8AD04923-A658-4776-A70E-53FB2A6ABBEC}.Release|Any CPU.ActiveCfg = Release|Any CPU
		{8AD04923-A658-4776-A70E-53FB2A6ABBEC}.Release|Any CPU.Build.0 = Release|Any CPU
		{8AD04923-A658-4776-A70E-53FB2A6ABBEC}.Release|x64.ActiveCfg = Release|Any CPU
		{8AD04923-A658-4776-A70E-53FB2A6ABBEC}.Release|x64.Build.0 = Release|Any CPU
		{8AD04923-A658-4776-A70E-53FB2A6ABBEC}.Release|x86.ActiveCfg = Release|Any CPU
		{8AD04923-A658-4776-A70E-53FB2A6ABBEC}.Release|x86.Build.0 = Release|Any CPU
		{2B7A21FD-B1B1-4737-B02C-B3735DB7DD8E}.Debug|Any CPU.ActiveCfg = Debug|Any CPU
		{2B7A21FD-B1B1-4737-B02C-B3735DB7DD8E}.Debug|Any CPU.Build.0 = Debug|Any CPU
		{2B7A21FD-B1B1-4737-B02C-B3735DB7DD8E}.Debug|x64.ActiveCfg = Debug|Any CPU
		{2B7A21FD-B1B1-4737-B02C-B3735DB7DD8E}.Debug|x64.Build.0 = Debug|Any CPU
		{2B7A21FD-B1B1-4737-B02C-B3735DB7DD8E}.Debug|x86.ActiveCfg = Debug|Any CPU
		{2B7A21FD-B1B1-4737-B02C-B3735DB7DD8E}.Debug|x86.Build.0 = Debug|Any CPU
		{2B7A21FD-B1B1-4737-B02C-B3735DB7DD8E}.Release|Any CPU.ActiveCfg = Release|Any CPU
		{2B7A21FD-B1B1-4737-B02C-B3735DB7DD8E}.Release|Any CPU.Build.0 = Release|Any CPU
		{2B7A21FD-B1B1-4737-B02C-B3735DB7DD8E}.Release|x64.ActiveCfg = Release|Any CPU
		{2B7A21FD-B1B1-4737-B02C-B3735DB7DD8E}.Release|x64.Build.0 = Release|Any CPU
		{2B7A21FD-B1B1-4737-B02C-B3735DB7DD8E}.Release|x86.ActiveCfg = Release|Any CPU
		{2B7A21FD-B1B1-4737-B02C-B3735DB7DD8E}.Release|x86.Build.0 = Release|Any CPU
		{BD83BE5F-9E9F-41BD-8A1C-F9742BCEF3B1}.Debug|Any CPU.ActiveCfg = Debug|Any CPU
		{BD83BE5F-9E9F-41BD-8A1C-F9742BCEF3B1}.Debug|Any CPU.Build.0 = Debug|Any CPU
		{BD83BE5F-9E9F-41BD-8A1C-F9742BCEF3B1}.Debug|x64.ActiveCfg = Debug|Any CPU
		{BD83BE5F-9E9F-41BD-8A1C-F9742BCEF3B1}.Debug|x64.Build.0 = Debug|Any CPU
		{BD83BE5F-9E9F-41BD-8A1C-F9742BCEF3B1}.Debug|x86.ActiveCfg = Debug|Any CPU
		{BD83BE5F-9E9F-41BD-8A1C-F9742BCEF3B1}.Debug|x86.Build.0 = Debug|Any CPU
		{BD83BE5F-9E9F-41BD-8A1C-F9742BCEF3B1}.Release|Any CPU.ActiveCfg = Release|Any CPU
		{BD83BE5F-9E9F-41BD-8A1C-F9742BCEF3B1}.Release|Any CPU.Build.0 = Release|Any CPU
		{BD83BE5F-9E9F-41BD-8A1C-F9742BCEF3B1}.Release|x64.ActiveCfg = Release|Any CPU
		{BD83BE5F-9E9F-41BD-8A1C-F9742BCEF3B1}.Release|x64.Build.0 = Release|Any CPU
		{BD83BE5F-9E9F-41BD-8A1C-F9742BCEF3B1}.Release|x86.ActiveCfg = Release|Any CPU
		{BD83BE5F-9E9F-41BD-8A1C-F9742BCEF3B1}.Release|x86.Build.0 = Release|Any CPU
		{F4FFF7CC-0C5D-40C6-9C65-C86658CA9756}.Debug|Any CPU.ActiveCfg = Debug|Any CPU
		{F4FFF7CC-0C5D-40C6-9C65-C86658CA9756}.Debug|Any CPU.Build.0 = Debug|Any CPU
		{F4FFF7CC-0C5D-40C6-9C65-C86658CA9756}.Debug|x64.ActiveCfg = Debug|Any CPU
		{F4FFF7CC-0C5D-40C6-9C65-C86658CA9756}.Debug|x64.Build.0 = Debug|Any CPU
		{F4FFF7CC-0C5D-40C6-9C65-C86658CA9756}.Debug|x86.ActiveCfg = Debug|Any CPU
		{F4FFF7CC-0C5D-40C6-9C65-C86658CA9756}.Debug|x86.Build.0 = Debug|Any CPU
		{F4FFF7CC-0C5D-40C6-9C65-C86658CA9756}.Release|Any CPU.ActiveCfg = Release|Any CPU
		{F4FFF7CC-0C5D-40C6-9C65-C86658CA9756}.Release|Any CPU.Build.0 = Release|Any CPU
		{F4FFF7CC-0C5D-40C6-9C65-C86658CA9756}.Release|x64.ActiveCfg = Release|Any CPU
		{F4FFF7CC-0C5D-40C6-9C65-C86658CA9756}.Release|x64.Build.0 = Release|Any CPU
		{F4FFF7CC-0C5D-40C6-9C65-C86658CA9756}.Release|x86.ActiveCfg = Release|Any CPU
		{F4FFF7CC-0C5D-40C6-9C65-C86658CA9756}.Release|x86.Build.0 = Release|Any CPU
		{B31348A2-6B29-4915-8EAC-3788C4AA638C}.Debug|Any CPU.ActiveCfg = Debug|Any CPU
		{B31348A2-6B29-4915-8EAC-3788C4AA638C}.Debug|Any CPU.Build.0 = Debug|Any CPU
		{B31348A2-6B29-4915-8EAC-3788C4AA638C}.Debug|x64.ActiveCfg = Debug|Any CPU
		{B31348A2-6B29-4915-8EAC-3788C4AA638C}.Debug|x64.Build.0 = Debug|Any CPU
		{B31348A2-6B29-4915-8EAC-3788C4AA638C}.Debug|x86.ActiveCfg = Debug|Any CPU
		{B31348A2-6B29-4915-8EAC-3788C4AA638C}.Debug|x86.Build.0 = Debug|Any CPU
		{B31348A2-6B29-4915-8EAC-3788C4AA638C}.Release|Any CPU.ActiveCfg = Release|Any CPU
		{B31348A2-6B29-4915-8EAC-3788C4AA638C}.Release|Any CPU.Build.0 = Release|Any CPU
		{B31348A2-6B29-4915-8EAC-3788C4AA638C}.Release|x64.ActiveCfg = Release|Any CPU
		{B31348A2-6B29-4915-8EAC-3788C4AA638C}.Release|x64.Build.0 = Release|Any CPU
		{B31348A2-6B29-4915-8EAC-3788C4AA638C}.Release|x86.ActiveCfg = Release|Any CPU
		{B31348A2-6B29-4915-8EAC-3788C4AA638C}.Release|x86.Build.0 = Release|Any CPU
		{2DBC6D6F-2E96-4335-B648-8E93F6BE80EB}.Debug|Any CPU.ActiveCfg = Debug|Any CPU
		{2DBC6D6F-2E96-4335-B648-8E93F6BE80EB}.Debug|Any CPU.Build.0 = Debug|Any CPU
		{2DBC6D6F-2E96-4335-B648-8E93F6BE80EB}.Debug|x64.ActiveCfg = Debug|Any CPU
		{2DBC6D6F-2E96-4335-B648-8E93F6BE80EB}.Debug|x64.Build.0 = Debug|Any CPU
		{2DBC6D6F-2E96-4335-B648-8E93F6BE80EB}.Debug|x86.ActiveCfg = Debug|Any CPU
		{2DBC6D6F-2E96-4335-B648-8E93F6BE80EB}.Debug|x86.Build.0 = Debug|Any CPU
		{2DBC6D6F-2E96-4335-B648-8E93F6BE80EB}.Release|Any CPU.ActiveCfg = Release|Any CPU
		{2DBC6D6F-2E96-4335-B648-8E93F6BE80EB}.Release|Any CPU.Build.0 = Release|Any CPU
		{2DBC6D6F-2E96-4335-B648-8E93F6BE80EB}.Release|x64.ActiveCfg = Release|Any CPU
		{2DBC6D6F-2E96-4335-B648-8E93F6BE80EB}.Release|x64.Build.0 = Release|Any CPU
		{2DBC6D6F-2E96-4335-B648-8E93F6BE80EB}.Release|x86.ActiveCfg = Release|Any CPU
		{2DBC6D6F-2E96-4335-B648-8E93F6BE80EB}.Release|x86.Build.0 = Release|Any CPU
		{F6B19DCE-DEF5-49D4-A561-1D64FF1D2A83}.Debug|Any CPU.ActiveCfg = Debug|Any CPU
		{F6B19DCE-DEF5-49D4-A561-1D64FF1D2A83}.Debug|Any CPU.Build.0 = Debug|Any CPU
		{F6B19DCE-DEF5-49D4-A561-1D64FF1D2A83}.Debug|x64.ActiveCfg = Debug|Any CPU
		{F6B19DCE-DEF5-49D4-A561-1D64FF1D2A83}.Debug|x64.Build.0 = Debug|Any CPU
		{F6B19DCE-DEF5-49D4-A561-1D64FF1D2A83}.Debug|x86.ActiveCfg = Debug|Any CPU
		{F6B19DCE-DEF5-49D4-A561-1D64FF1D2A83}.Debug|x86.Build.0 = Debug|Any CPU
		{F6B19DCE-DEF5-49D4-A561-1D64FF1D2A83}.Release|Any CPU.ActiveCfg = Release|Any CPU
		{F6B19DCE-DEF5-49D4-A561-1D64FF1D2A83}.Release|Any CPU.Build.0 = Release|Any CPU
		{F6B19DCE-DEF5-49D4-A561-1D64FF1D2A83}.Release|x64.ActiveCfg = Release|Any CPU
		{F6B19DCE-DEF5-49D4-A561-1D64FF1D2A83}.Release|x64.Build.0 = Release|Any CPU
		{F6B19DCE-DEF5-49D4-A561-1D64FF1D2A83}.Release|x86.ActiveCfg = Release|Any CPU
		{F6B19DCE-DEF5-49D4-A561-1D64FF1D2A83}.Release|x86.Build.0 = Release|Any CPU
		{CE35C470-5936-412D-AD09-D9A2A2E39ACF}.Debug|Any CPU.ActiveCfg = Debug|Any CPU
		{CE35C470-5936-412D-AD09-D9A2A2E39ACF}.Debug|Any CPU.Build.0 = Debug|Any CPU
		{CE35C470-5936-412D-AD09-D9A2A2E39ACF}.Debug|x64.ActiveCfg = Debug|Any CPU
		{CE35C470-5936-412D-AD09-D9A2A2E39ACF}.Debug|x64.Build.0 = Debug|Any CPU
		{CE35C470-5936-412D-AD09-D9A2A2E39ACF}.Debug|x86.ActiveCfg = Debug|Any CPU
		{CE35C470-5936-412D-AD09-D9A2A2E39ACF}.Debug|x86.Build.0 = Debug|Any CPU
		{CE35C470-5936-412D-AD09-D9A2A2E39ACF}.Release|Any CPU.ActiveCfg = Release|Any CPU
		{CE35C470-5936-412D-AD09-D9A2A2E39ACF}.Release|Any CPU.Build.0 = Release|Any CPU
		{CE35C470-5936-412D-AD09-D9A2A2E39ACF}.Release|x64.ActiveCfg = Release|Any CPU
		{CE35C470-5936-412D-AD09-D9A2A2E39ACF}.Release|x64.Build.0 = Release|Any CPU
		{CE35C470-5936-412D-AD09-D9A2A2E39ACF}.Release|x86.ActiveCfg = Release|Any CPU
		{CE35C470-5936-412D-AD09-D9A2A2E39ACF}.Release|x86.Build.0 = Release|Any CPU
		{3C076B13-4B29-43BF-A3DB-50FC681AB962}.Debug|Any CPU.ActiveCfg = Debug|Any CPU
		{3C076B13-4B29-43BF-A3DB-50FC681AB962}.Debug|Any CPU.Build.0 = Debug|Any CPU
		{3C076B13-4B29-43BF-A3DB-50FC681AB962}.Debug|x64.ActiveCfg = Debug|Any CPU
		{3C076B13-4B29-43BF-A3DB-50FC681AB962}.Debug|x64.Build.0 = Debug|Any CPU
		{3C076B13-4B29-43BF-A3DB-50FC681AB962}.Debug|x86.ActiveCfg = Debug|Any CPU
		{3C076B13-4B29-43BF-A3DB-50FC681AB962}.Debug|x86.Build.0 = Debug|Any CPU
		{3C076B13-4B29-43BF-A3DB-50FC681AB962}.Release|Any CPU.ActiveCfg = Release|Any CPU
		{3C076B13-4B29-43BF-A3DB-50FC681AB962}.Release|Any CPU.Build.0 = Release|Any CPU
		{3C076B13-4B29-43BF-A3DB-50FC681AB962}.Release|x64.ActiveCfg = Release|Any CPU
		{3C076B13-4B29-43BF-A3DB-50FC681AB962}.Release|x64.Build.0 = Release|Any CPU
		{3C076B13-4B29-43BF-A3DB-50FC681AB962}.Release|x86.ActiveCfg = Release|Any CPU
		{3C076B13-4B29-43BF-A3DB-50FC681AB962}.Release|x86.Build.0 = Release|Any CPU
		{93EB86A7-0CE0-43DF-8038-8EE6F2DB8090}.Debug|Any CPU.ActiveCfg = Debug|Any CPU
		{93EB86A7-0CE0-43DF-8038-8EE6F2DB8090}.Debug|Any CPU.Build.0 = Debug|Any CPU
		{93EB86A7-0CE0-43DF-8038-8EE6F2DB8090}.Debug|x64.ActiveCfg = Debug|Any CPU
		{93EB86A7-0CE0-43DF-8038-8EE6F2DB8090}.Debug|x64.Build.0 = Debug|Any CPU
		{93EB86A7-0CE0-43DF-8038-8EE6F2DB8090}.Debug|x86.ActiveCfg = Debug|Any CPU
		{93EB86A7-0CE0-43DF-8038-8EE6F2DB8090}.Debug|x86.Build.0 = Debug|Any CPU
		{93EB86A7-0CE0-43DF-8038-8EE6F2DB8090}.Release|Any CPU.ActiveCfg = Release|Any CPU
		{93EB86A7-0CE0-43DF-8038-8EE6F2DB8090}.Release|Any CPU.Build.0 = Release|Any CPU
		{93EB86A7-0CE0-43DF-8038-8EE6F2DB8090}.Release|x64.ActiveCfg = Release|Any CPU
		{93EB86A7-0CE0-43DF-8038-8EE6F2DB8090}.Release|x64.Build.0 = Release|Any CPU
		{93EB86A7-0CE0-43DF-8038-8EE6F2DB8090}.Release|x86.ActiveCfg = Release|Any CPU
		{93EB86A7-0CE0-43DF-8038-8EE6F2DB8090}.Release|x86.Build.0 = Release|Any CPU
		{A1358A4F-FBF9-4D7C-B49B-10CE6D78BBE1}.Debug|Any CPU.ActiveCfg = Debug|Any CPU
		{A1358A4F-FBF9-4D7C-B49B-10CE6D78BBE1}.Debug|Any CPU.Build.0 = Debug|Any CPU
		{A1358A4F-FBF9-4D7C-B49B-10CE6D78BBE1}.Debug|x64.ActiveCfg = Debug|Any CPU
		{A1358A4F-FBF9-4D7C-B49B-10CE6D78BBE1}.Debug|x64.Build.0 = Debug|Any CPU
		{A1358A4F-FBF9-4D7C-B49B-10CE6D78BBE1}.Debug|x86.ActiveCfg = Debug|Any CPU
		{A1358A4F-FBF9-4D7C-B49B-10CE6D78BBE1}.Debug|x86.Build.0 = Debug|Any CPU
		{A1358A4F-FBF9-4D7C-B49B-10CE6D78BBE1}.Release|Any CPU.ActiveCfg = Release|Any CPU
		{A1358A4F-FBF9-4D7C-B49B-10CE6D78BBE1}.Release|Any CPU.Build.0 = Release|Any CPU
		{A1358A4F-FBF9-4D7C-B49B-10CE6D78BBE1}.Release|x64.ActiveCfg = Release|Any CPU
		{A1358A4F-FBF9-4D7C-B49B-10CE6D78BBE1}.Release|x64.Build.0 = Release|Any CPU
		{A1358A4F-FBF9-4D7C-B49B-10CE6D78BBE1}.Release|x86.ActiveCfg = Release|Any CPU
		{A1358A4F-FBF9-4D7C-B49B-10CE6D78BBE1}.Release|x86.Build.0 = Release|Any CPU
		{00025B46-92A2-40ED-93B8-1DE891B83B50}.Debug|Any CPU.ActiveCfg = Debug|Any CPU
		{00025B46-92A2-40ED-93B8-1DE891B83B50}.Debug|Any CPU.Build.0 = Debug|Any CPU
		{00025B46-92A2-40ED-93B8-1DE891B83B50}.Debug|x64.ActiveCfg = Debug|Any CPU
		{00025B46-92A2-40ED-93B8-1DE891B83B50}.Debug|x64.Build.0 = Debug|Any CPU
		{00025B46-92A2-40ED-93B8-1DE891B83B50}.Debug|x86.ActiveCfg = Debug|Any CPU
		{00025B46-92A2-40ED-93B8-1DE891B83B50}.Debug|x86.Build.0 = Debug|Any CPU
		{00025B46-92A2-40ED-93B8-1DE891B83B50}.Release|Any CPU.ActiveCfg = Release|Any CPU
		{00025B46-92A2-40ED-93B8-1DE891B83B50}.Release|Any CPU.Build.0 = Release|Any CPU
		{00025B46-92A2-40ED-93B8-1DE891B83B50}.Release|x64.ActiveCfg = Release|Any CPU
		{00025B46-92A2-40ED-93B8-1DE891B83B50}.Release|x64.Build.0 = Release|Any CPU
		{00025B46-92A2-40ED-93B8-1DE891B83B50}.Release|x86.ActiveCfg = Release|Any CPU
		{00025B46-92A2-40ED-93B8-1DE891B83B50}.Release|x86.Build.0 = Release|Any CPU
		{B3BA0A85-B50B-4B6C-990F-7E668DBB3AFE}.Debug|Any CPU.ActiveCfg = Debug|Any CPU
		{B3BA0A85-B50B-4B6C-990F-7E668DBB3AFE}.Debug|Any CPU.Build.0 = Debug|Any CPU
		{B3BA0A85-B50B-4B6C-990F-7E668DBB3AFE}.Debug|x64.ActiveCfg = Debug|Any CPU
		{B3BA0A85-B50B-4B6C-990F-7E668DBB3AFE}.Debug|x64.Build.0 = Debug|Any CPU
		{B3BA0A85-B50B-4B6C-990F-7E668DBB3AFE}.Debug|x86.ActiveCfg = Debug|Any CPU
		{B3BA0A85-B50B-4B6C-990F-7E668DBB3AFE}.Debug|x86.Build.0 = Debug|Any CPU
		{B3BA0A85-B50B-4B6C-990F-7E668DBB3AFE}.Release|Any CPU.ActiveCfg = Release|Any CPU
		{B3BA0A85-B50B-4B6C-990F-7E668DBB3AFE}.Release|Any CPU.Build.0 = Release|Any CPU
		{B3BA0A85-B50B-4B6C-990F-7E668DBB3AFE}.Release|x64.ActiveCfg = Release|Any CPU
		{B3BA0A85-B50B-4B6C-990F-7E668DBB3AFE}.Release|x64.Build.0 = Release|Any CPU
		{B3BA0A85-B50B-4B6C-990F-7E668DBB3AFE}.Release|x86.ActiveCfg = Release|Any CPU
		{B3BA0A85-B50B-4B6C-990F-7E668DBB3AFE}.Release|x86.Build.0 = Release|Any CPU
		{DB0CFDED-5171-49CC-8F23-6049FCB34D18}.Debug|Any CPU.ActiveCfg = Debug|Any CPU
		{DB0CFDED-5171-49CC-8F23-6049FCB34D18}.Debug|Any CPU.Build.0 = Debug|Any CPU
		{DB0CFDED-5171-49CC-8F23-6049FCB34D18}.Debug|x64.ActiveCfg = Debug|Any CPU
		{DB0CFDED-5171-49CC-8F23-6049FCB34D18}.Debug|x64.Build.0 = Debug|Any CPU
		{DB0CFDED-5171-49CC-8F23-6049FCB34D18}.Debug|x86.ActiveCfg = Debug|Any CPU
		{DB0CFDED-5171-49CC-8F23-6049FCB34D18}.Debug|x86.Build.0 = Debug|Any CPU
		{DB0CFDED-5171-49CC-8F23-6049FCB34D18}.Release|Any CPU.ActiveCfg = Release|Any CPU
		{DB0CFDED-5171-49CC-8F23-6049FCB34D18}.Release|Any CPU.Build.0 = Release|Any CPU
		{DB0CFDED-5171-49CC-8F23-6049FCB34D18}.Release|x64.ActiveCfg = Release|Any CPU
		{DB0CFDED-5171-49CC-8F23-6049FCB34D18}.Release|x64.Build.0 = Release|Any CPU
		{DB0CFDED-5171-49CC-8F23-6049FCB34D18}.Release|x86.ActiveCfg = Release|Any CPU
		{DB0CFDED-5171-49CC-8F23-6049FCB34D18}.Release|x86.Build.0 = Release|Any CPU
		{9E09528C-6E2E-41BF-B065-9F0EFAC7858C}.Debug|Any CPU.ActiveCfg = Debug|Any CPU
		{9E09528C-6E2E-41BF-B065-9F0EFAC7858C}.Debug|Any CPU.Build.0 = Debug|Any CPU
		{9E09528C-6E2E-41BF-B065-9F0EFAC7858C}.Debug|x64.ActiveCfg = Debug|Any CPU
		{9E09528C-6E2E-41BF-B065-9F0EFAC7858C}.Debug|x64.Build.0 = Debug|Any CPU
		{9E09528C-6E2E-41BF-B065-9F0EFAC7858C}.Debug|x86.ActiveCfg = Debug|Any CPU
		{9E09528C-6E2E-41BF-B065-9F0EFAC7858C}.Debug|x86.Build.0 = Debug|Any CPU
		{9E09528C-6E2E-41BF-B065-9F0EFAC7858C}.Release|Any CPU.ActiveCfg = Release|Any CPU
		{9E09528C-6E2E-41BF-B065-9F0EFAC7858C}.Release|Any CPU.Build.0 = Release|Any CPU
		{9E09528C-6E2E-41BF-B065-9F0EFAC7858C}.Release|x64.ActiveCfg = Release|Any CPU
		{9E09528C-6E2E-41BF-B065-9F0EFAC7858C}.Release|x64.Build.0 = Release|Any CPU
		{9E09528C-6E2E-41BF-B065-9F0EFAC7858C}.Release|x86.ActiveCfg = Release|Any CPU
		{9E09528C-6E2E-41BF-B065-9F0EFAC7858C}.Release|x86.Build.0 = Release|Any CPU
		{B0331639-7146-46C4-B3CE-5264238E6F6B}.Debug|Any CPU.ActiveCfg = Debug|Any CPU
		{B0331639-7146-46C4-B3CE-5264238E6F6B}.Debug|Any CPU.Build.0 = Debug|Any CPU
		{B0331639-7146-46C4-B3CE-5264238E6F6B}.Debug|x64.ActiveCfg = Debug|Any CPU
		{B0331639-7146-46C4-B3CE-5264238E6F6B}.Debug|x64.Build.0 = Debug|Any CPU
		{B0331639-7146-46C4-B3CE-5264238E6F6B}.Debug|x86.ActiveCfg = Debug|Any CPU
		{B0331639-7146-46C4-B3CE-5264238E6F6B}.Debug|x86.Build.0 = Debug|Any CPU
		{B0331639-7146-46C4-B3CE-5264238E6F6B}.Release|Any CPU.ActiveCfg = Release|Any CPU
		{B0331639-7146-46C4-B3CE-5264238E6F6B}.Release|Any CPU.Build.0 = Release|Any CPU
		{B0331639-7146-46C4-B3CE-5264238E6F6B}.Release|x64.ActiveCfg = Release|Any CPU
		{B0331639-7146-46C4-B3CE-5264238E6F6B}.Release|x64.Build.0 = Release|Any CPU
		{B0331639-7146-46C4-B3CE-5264238E6F6B}.Release|x86.ActiveCfg = Release|Any CPU
		{B0331639-7146-46C4-B3CE-5264238E6F6B}.Release|x86.Build.0 = Release|Any CPU
		{A77F2DE7-F544-409E-BD6F-1F643CF066E0}.Debug|Any CPU.ActiveCfg = Debug|Any CPU
		{A77F2DE7-F544-409E-BD6F-1F643CF066E0}.Debug|Any CPU.Build.0 = Debug|Any CPU
		{A77F2DE7-F544-409E-BD6F-1F643CF066E0}.Debug|x64.ActiveCfg = Debug|Any CPU
		{A77F2DE7-F544-409E-BD6F-1F643CF066E0}.Debug|x64.Build.0 = Debug|Any CPU
		{A77F2DE7-F544-409E-BD6F-1F643CF066E0}.Debug|x86.ActiveCfg = Debug|Any CPU
		{A77F2DE7-F544-409E-BD6F-1F643CF066E0}.Debug|x86.Build.0 = Debug|Any CPU
		{A77F2DE7-F544-409E-BD6F-1F643CF066E0}.Release|Any CPU.ActiveCfg = Release|Any CPU
		{A77F2DE7-F544-409E-BD6F-1F643CF066E0}.Release|Any CPU.Build.0 = Release|Any CPU
		{A77F2DE7-F544-409E-BD6F-1F643CF066E0}.Release|x64.ActiveCfg = Release|Any CPU
		{A77F2DE7-F544-409E-BD6F-1F643CF066E0}.Release|x64.Build.0 = Release|Any CPU
		{A77F2DE7-F544-409E-BD6F-1F643CF066E0}.Release|x86.ActiveCfg = Release|Any CPU
		{A77F2DE7-F544-409E-BD6F-1F643CF066E0}.Release|x86.Build.0 = Release|Any CPU
		{51072F6D-4A73-4952-A214-9231D1DF38C4}.Debug|Any CPU.ActiveCfg = Debug|Any CPU
		{51072F6D-4A73-4952-A214-9231D1DF38C4}.Debug|Any CPU.Build.0 = Debug|Any CPU
		{51072F6D-4A73-4952-A214-9231D1DF38C4}.Debug|x64.ActiveCfg = Debug|Any CPU
		{51072F6D-4A73-4952-A214-9231D1DF38C4}.Debug|x64.Build.0 = Debug|Any CPU
		{51072F6D-4A73-4952-A214-9231D1DF38C4}.Debug|x86.ActiveCfg = Debug|Any CPU
		{51072F6D-4A73-4952-A214-9231D1DF38C4}.Debug|x86.Build.0 = Debug|Any CPU
		{51072F6D-4A73-4952-A214-9231D1DF38C4}.Release|Any CPU.ActiveCfg = Release|Any CPU
		{51072F6D-4A73-4952-A214-9231D1DF38C4}.Release|Any CPU.Build.0 = Release|Any CPU
		{51072F6D-4A73-4952-A214-9231D1DF38C4}.Release|x64.ActiveCfg = Release|Any CPU
		{51072F6D-4A73-4952-A214-9231D1DF38C4}.Release|x64.Build.0 = Release|Any CPU
		{51072F6D-4A73-4952-A214-9231D1DF38C4}.Release|x86.ActiveCfg = Release|Any CPU
		{51072F6D-4A73-4952-A214-9231D1DF38C4}.Release|x86.Build.0 = Release|Any CPU
		{DAE50A52-D4C3-41F4-9838-1D100EB3D1FB}.Debug|Any CPU.ActiveCfg = Debug|Any CPU
		{DAE50A52-D4C3-41F4-9838-1D100EB3D1FB}.Debug|Any CPU.Build.0 = Debug|Any CPU
		{DAE50A52-D4C3-41F4-9838-1D100EB3D1FB}.Debug|x64.ActiveCfg = Debug|Any CPU
		{DAE50A52-D4C3-41F4-9838-1D100EB3D1FB}.Debug|x64.Build.0 = Debug|Any CPU
		{DAE50A52-D4C3-41F4-9838-1D100EB3D1FB}.Debug|x86.ActiveCfg = Debug|Any CPU
		{DAE50A52-D4C3-41F4-9838-1D100EB3D1FB}.Debug|x86.Build.0 = Debug|Any CPU
		{DAE50A52-D4C3-41F4-9838-1D100EB3D1FB}.Release|Any CPU.ActiveCfg = Release|Any CPU
		{DAE50A52-D4C3-41F4-9838-1D100EB3D1FB}.Release|Any CPU.Build.0 = Release|Any CPU
		{DAE50A52-D4C3-41F4-9838-1D100EB3D1FB}.Release|x64.ActiveCfg = Release|Any CPU
		{DAE50A52-D4C3-41F4-9838-1D100EB3D1FB}.Release|x64.Build.0 = Release|Any CPU
		{DAE50A52-D4C3-41F4-9838-1D100EB3D1FB}.Release|x86.ActiveCfg = Release|Any CPU
		{DAE50A52-D4C3-41F4-9838-1D100EB3D1FB}.Release|x86.Build.0 = Release|Any CPU
		{42692E5B-6920-4487-AB35-63CABC415B52}.Debug|Any CPU.ActiveCfg = Debug|Any CPU
		{42692E5B-6920-4487-AB35-63CABC415B52}.Debug|Any CPU.Build.0 = Debug|Any CPU
		{42692E5B-6920-4487-AB35-63CABC415B52}.Debug|x64.ActiveCfg = Debug|Any CPU
		{42692E5B-6920-4487-AB35-63CABC415B52}.Debug|x64.Build.0 = Debug|Any CPU
		{42692E5B-6920-4487-AB35-63CABC415B52}.Debug|x86.ActiveCfg = Debug|Any CPU
		{42692E5B-6920-4487-AB35-63CABC415B52}.Debug|x86.Build.0 = Debug|Any CPU
		{42692E5B-6920-4487-AB35-63CABC415B52}.Release|Any CPU.ActiveCfg = Release|Any CPU
		{42692E5B-6920-4487-AB35-63CABC415B52}.Release|Any CPU.Build.0 = Release|Any CPU
		{42692E5B-6920-4487-AB35-63CABC415B52}.Release|x64.ActiveCfg = Release|Any CPU
		{42692E5B-6920-4487-AB35-63CABC415B52}.Release|x64.Build.0 = Release|Any CPU
		{42692E5B-6920-4487-AB35-63CABC415B52}.Release|x86.ActiveCfg = Release|Any CPU
		{42692E5B-6920-4487-AB35-63CABC415B52}.Release|x86.Build.0 = Release|Any CPU
	EndGlobalSection
	GlobalSection(SolutionProperties) = preSolution
		HideSolutionNode = FALSE
	EndGlobalSection
	GlobalSection(NestedProjects) = preSolution
		{87AADC39-C511-4F21-B8C5-8C2D5A81CD9F} = {7DEAA952-452C-4BFE-B74C-FE359A81D63F}
		{8AD04923-A658-4776-A70E-53FB2A6ABBEC} = {7DEAA952-452C-4BFE-B74C-FE359A81D63F}
		{2B7A21FD-B1B1-4737-B02C-B3735DB7DD8E} = {7DEAA952-452C-4BFE-B74C-FE359A81D63F}
		{BD83BE5F-9E9F-41BD-8A1C-F9742BCEF3B1} = {7DEAA952-452C-4BFE-B74C-FE359A81D63F}
		{F4FFF7CC-0C5D-40C6-9C65-C86658CA9756} = {5EE37235-1429-4685-A1C6-6367BFCD33B1}
		{B31348A2-6B29-4915-8EAC-3788C4AA638C} = {05904659-576D-4B66-BC8E-164A3496A025}
		{2DBC6D6F-2E96-4335-B648-8E93F6BE80EB} = {05904659-576D-4B66-BC8E-164A3496A025}
		{F6B19DCE-DEF5-49D4-A561-1D64FF1D2A83} = {05904659-576D-4B66-BC8E-164A3496A025}
		{7DEAA952-452C-4BFE-B74C-FE359A81D63F} = {0DB082AC-A164-45B3-9011-3A82A9CFA67D}
		{8C62AFF8-6844-4207-A595-4783080F678F} = {0DB082AC-A164-45B3-9011-3A82A9CFA67D}
		{05904659-576D-4B66-BC8E-164A3496A025} = {D05EE115-A5DC-4D64-92A6-B7EDCB53C58E}
		{5EE37235-1429-4685-A1C6-6367BFCD33B1} = {D05EE115-A5DC-4D64-92A6-B7EDCB53C58E}
		{24CA528D-77D6-4AF1-8D5D-CAF6FC4C57E8} = {9450D546-0280-4078-8608-BCBB4CDD6754}
		{CE35C470-5936-412D-AD09-D9A2A2E39ACF} = {24CA528D-77D6-4AF1-8D5D-CAF6FC4C57E8}
		{3C076B13-4B29-43BF-A3DB-50FC681AB962} = {8C62AFF8-6844-4207-A595-4783080F678F}
		{93EB86A7-0CE0-43DF-8038-8EE6F2DB8090} = {8C62AFF8-6844-4207-A595-4783080F678F}
		{A1358A4F-FBF9-4D7C-B49B-10CE6D78BBE1} = {8C62AFF8-6844-4207-A595-4783080F678F}
		{00025B46-92A2-40ED-93B8-1DE891B83B50} = {8C62AFF8-6844-4207-A595-4783080F678F}
		{B3BA0A85-B50B-4B6C-990F-7E668DBB3AFE} = {8C62AFF8-6844-4207-A595-4783080F678F}
		{DB0CFDED-5171-49CC-8F23-6049FCB34D18} = {8C62AFF8-6844-4207-A595-4783080F678F}
		{9E09528C-6E2E-41BF-B065-9F0EFAC7858C} = {8C62AFF8-6844-4207-A595-4783080F678F}
		{B0331639-7146-46C4-B3CE-5264238E6F6B} = {8C62AFF8-6844-4207-A595-4783080F678F}
		{A77F2DE7-F544-409E-BD6F-1F643CF066E0} = {8C62AFF8-6844-4207-A595-4783080F678F}
		{51072F6D-4A73-4952-A214-9231D1DF38C4} = {8C62AFF8-6844-4207-A595-4783080F678F}
		{DAE50A52-D4C3-41F4-9838-1D100EB3D1FB} = {8C62AFF8-6844-4207-A595-4783080F678F}
		{0DB082AC-A164-45B3-9011-3A82A9CFA67D} = {9450D546-0280-4078-8608-BCBB4CDD6754}
		{4B8F0DA9-BC16-4F68-BB48-AF9D5A010A11} = {9450D546-0280-4078-8608-BCBB4CDD6754}
		{42692E5B-6920-4487-AB35-63CABC415B52} = {4B8F0DA9-BC16-4F68-BB48-AF9D5A010A11}
	EndGlobalSection
	GlobalSection(ExtensibilityGlobals) = postSolution
		SolutionGuid = {70461702-2CF2-4EE6-8705-0AAB160B5F47}
	EndGlobalSection
EndGlobal
